
Microsoft Visual Studio Solution File, Format Version 12.00
Project("{FAE04EC0-301F-11D3-BF4B-00C04F79EFBC}") = "CustomAuth.AuthService", "CustomAuth.AuthService\CustomAuth.AuthService.csproj", "{FB13749A-731F-4A36-831D-8068F71FD421}"
EndProject
Project("{FAE04EC0-301F-11D3-BF4B-00C04F79EFBC}") = "CustomAuth.App1", "CustomAuth.App1\CustomAuth.App1.csproj", "{9D8971BE-96A1-4D11-8A9F-B0A6571ECC3E}"
EndProject
Project("{FAE04EC0-301F-11D3-BF4B-00C04F79EFBC}") = "CustomAuth2", "CustomAuth2\CustomAuth2.csproj", "{4BAB2794-D55C-407B-9EE3-4420CA0DC655}"
EndProject
Project("{FAE04EC0-301F-11D3-BF4B-00C04F79EFBC}") = "CustomAuth.Client", "CustomAuth.Client\CustomAuth.Client.csproj", "{B1E31367-3813-43F9-B7DE-BFFF1CF6B640}"
EndProject
Global
	GlobalSection(SolutionConfigurationPlatforms) = preSolution
		Debug|Any CPU = Debug|Any CPU
		Release|Any CPU = Release|Any CPU
	EndGlobalSection
	GlobalSection(ProjectConfigurationPlatforms) = postSolution
		{FB13749A-731F-4A36-831D-8068F71FD421}.Debug|Any CPU.ActiveCfg = Debug|Any CPU
		{FB13749A-731F-4A36-831D-8068F71FD421}.Debug|Any CPU.Build.0 = Debug|Any CPU
		{FB13749A-731F-4A36-831D-8068F71FD421}.Release|Any CPU.ActiveCfg = Release|Any CPU
		{FB13749A-731F-4A36-831D-8068F71FD421}.Release|Any CPU.Build.0 = Release|Any CPU
		{9D8971BE-96A1-4D11-8A9F-B0A6571ECC3E}.Debug|Any CPU.ActiveCfg = Debug|Any CPU
		{9D8971BE-96A1-4D11-8A9F-B0A6571ECC3E}.Debug|Any CPU.Build.0 = Debug|Any CPU
		{9D8971BE-96A1-4D11-8A9F-B0A6571ECC3E}.Release|Any CPU.ActiveCfg = Release|Any CPU
		{9D8971BE-96A1-4D11-8A9F-B0A6571ECC3E}.Release|Any CPU.Build.0 = Release|Any CPU
		{4BAB2794-D55C-407B-9EE3-4420CA0DC655}.Debug|Any CPU.ActiveCfg = Debug|Any CPU
		{4BAB2794-D55C-407B-9EE3-4420CA0DC655}.Debug|Any CPU.Build.0 = Debug|Any CPU
		{4BAB2794-D55C-407B-9EE3-4420CA0DC655}.Release|Any CPU.ActiveCfg = Release|Any CPU
		{4BAB2794-D55C-407B-9EE3-4420CA0DC655}.Release|Any CPU.Build.0 = Release|Any CPU
		{B1E31367-3813-43F9-B7DE-BFFF1CF6B640}.Debug|Any CPU.ActiveCfg = Debug|Any CPU
		{B1E31367-3813-43F9-B7DE-BFFF1CF6B640}.Debug|Any CPU.Build.0 = Debug|Any CPU
		{B1E31367-3813-43F9-B7DE-BFFF1CF6B640}.Release|Any CPU.ActiveCfg = Release|Any CPU
		{B1E31367-3813-43F9-B7DE-BFFF1CF6B640}.Release|Any CPU.Build.0 = Release|Any CPU
	EndGlobalSection
EndGlobal
